// !$*UTF8*$!
{
	archiveVersion = 1;
	classes = {
	};
	objectVersion = 48;
	objects = {

/* Begin PBXBuildFile section */
		7BE63020204E49A50092FB0E /* AppDelegate.m in Sources */ = {isa = PBXBuildFile; fileRef = 7BE6301F204E49A50092FB0E /* AppDelegate.m */; };
		7BE63023204E49A50092FB0E /* ViewController.m in Sources */ = {isa = PBXBuildFile; fileRef = 7BE63022204E49A50092FB0E /* ViewController.m */; };
		7BE63026204E49A50092FB0E /* Main.storyboard in Resources */ = {isa = PBXBuildFile; fileRef = 7BE63024204E49A50092FB0E /* Main.storyboard */; };
		7BE63028204E49A60092FB0E /* Assets.xcassets in Resources */ = {isa = PBXBuildFile; fileRef = 7BE63027204E49A60092FB0E /* Assets.xcassets */; };
		7BE6302B204E49A60092FB0E /* LaunchScreen.storyboard in Resources */ = {isa = PBXBuildFile; fileRef = 7BE63029204E49A60092FB0E /* LaunchScreen.storyboard */; };
		7BE6302E204E49A60092FB0E /* main.m in Sources */ = {isa = PBXBuildFile; fileRef = 7BE6302D204E49A60092FB0E /* main.m */; };
		7BE63038204E49A60092FB0E /* IOSGameTests.m in Sources */ = {isa = PBXBuildFile; fileRef = 7BE63037204E49A60092FB0E /* IOSGameTests.m */; };
		7BE63043204E49A60092FB0E /* IOSGameUITests.m in Sources */ = {isa = PBXBuildFile; fileRef = 7BE63042204E49A60092FB0E /* IOSGameUITests.m */; };
		7BFA9CC4204E77D800D0EFEF /* LoongGameView.m in Sources */ = {isa = PBXBuildFile; fileRef = 7BFA9CC3204E77D800D0EFEF /* LoongGameView.m */; };
		7BFA9CC7204E782000D0EFEF /* LoongPiece.m in Sources */ = {isa = PBXBuildFile; fileRef = 7BFA9CC6204E782000D0EFEF /* LoongPiece.m */; };
		7BFA9CCA204E78BB00D0EFEF /* LoongPieceImage.m in Sources */ = {isa = PBXBuildFile; fileRef = 7BFA9CC9204E78BB00D0EFEF /* LoongPieceImage.m */; };
		7BFA9CCD204E82C100D0EFEF /* LoongPoint.m in Sources */ = {isa = PBXBuildFile; fileRef = 7BFA9CCC204E82C100D0EFEF /* LoongPoint.m */; };
		7BFA9CD0204E858100D0EFEF /* LoongLinkInfo.m in Sources */ = {isa = PBXBuildFile; fileRef = 7BFA9CCF204E858100D0EFEF /* LoongLinkInfo.m */; };
		7BFA9CD3204E891900D0EFEF /* LoongGameService.m in Sources */ = {isa = PBXBuildFile; fileRef = 7BFA9CD2204E891900D0EFEF /* LoongGameService.m */; };
		7BFA9CD6204E8DD100D0EFEF /* LoongBaseBoard.m in Sources */ = {isa = PBXBuildFile; fileRef = 7BFA9CD5204E8DD100D0EFEF /* LoongBaseBoard.m */; };
		7BFA9CE7204FCCCA00D0EFEF /* LoongVerticalBoard.m in Sources */ = {isa = PBXBuildFile; fileRef = 7BFA9CE6204FCCCA00D0EFEF /* LoongVerticalBoard.m */; };
		7BFA9D02204FEAA800D0EFEF /* start_down.png in Resources */ = {isa = PBXBuildFile; fileRef = 7BFA9CE9204FEAA700D0EFEF /* start_down.png */; };
		7BFA9D03204FEAA800D0EFEF /* p_8.png in Resources */ = {isa = PBXBuildFile; fileRef = 7BFA9CEA204FEAA700D0EFEF /* p_8.png */; };
		7BFA9D04204FEAA800D0EFEF /* p_14.png in Resources */ = {isa = PBXBuildFile; fileRef = 7BFA9CEB204FEAA700D0EFEF /* p_14.png */; };
		7BFA9D05204FEAA800D0EFEF /* room.jpg in Resources */ = {isa = PBXBuildFile; fileRef = 7BFA9CEC204FEAA700D0EFEF /* room.jpg */; };
		7BFA9D06204FEAA800D0EFEF /* p_1.png in Resources */ = {isa = PBXBuildFile; fileRef = 7BFA9CED204FEAA700D0EFEF /* p_1.png */; };
		7BFA9D07204FEAA800D0EFEF /* p_13.png in Resources */ = {isa = PBXBuildFile; fileRef = 7BFA9CEE204FEAA700D0EFEF /* p_13.png */; };
		7BFA9D08204FEAA800D0EFEF /* p_2.png in Resources */ = {isa = PBXBuildFile; fileRef = 7BFA9CEF204FEAA700D0EFEF /* p_2.png */; };
		7BFA9D09204FEAA800D0EFEF /* p_4.png in Resources */ = {isa = PBXBuildFile; fileRef = 7BFA9CF0204FEAA700D0EFEF /* p_4.png */; };
		7BFA9D0A204FEAA800D0EFEF /* p_10.png in Resources */ = {isa = PBXBuildFile; fileRef = 7BFA9CF1204FEAA700D0EFEF /* p_10.png */; };
		7BFA9D0B204FEAA800D0EFEF /* p_9.png in Resources */ = {isa = PBXBuildFile; fileRef = 7BFA9CF2204FEAA700D0EFEF /* p_9.png */; };
		7BFA9D0C204FEAA800D0EFEF /* start.png in Resources */ = {isa = PBXBuildFile; fileRef = 7BFA9CF3204FEAA700D0EFEF /* start.png */; };
		7BFA9D0D204FEAA800D0EFEF /* p_15.png in Resources */ = {isa = PBXBuildFile; fileRef = 7BFA9CF4204FEAA700D0EFEF /* p_15.png */; };
		7BFA9D0E204FEAA800D0EFEF /* p_11.png in Resources */ = {isa = PBXBuildFile; fileRef = 7BFA9CF5204FEAA800D0EFEF /* p_11.png */; };
		7BFA9D0F204FEAA800D0EFEF /* p_19.png in Resources */ = {isa = PBXBuildFile; fileRef = 7BFA9CF6204FEAA800D0EFEF /* p_19.png */; };
		7BFA9D10204FEAA800D0EFEF /* p_18.png in Resources */ = {isa = PBXBuildFile; fileRef = 7BFA9CF7204FEAA800D0EFEF /* p_18.png */; };
		7BFA9D11204FEAA800D0EFEF /* p_17.png in Resources */ = {isa = PBXBuildFile; fileRef = 7BFA9CF8204FEAA800D0EFEF /* p_17.png */; };
		7BFA9D12204FEAA800D0EFEF /* p_5.png in Resources */ = {isa = PBXBuildFile; fileRef = 7BFA9CF9204FEAA800D0EFEF /* p_5.png */; };
		7BFA9D13204FEAA800D0EFEF /* p_6.png in Resources */ = {isa = PBXBuildFile; fileRef = 7BFA9CFA204FEAA800D0EFEF /* p_6.png */; };
		7BFA9D14204FEAA800D0EFEF /* p_3.png in Resources */ = {isa = PBXBuildFile; fileRef = 7BFA9CFB204FEAA800D0EFEF /* p_3.png */; };
		7BFA9D15204FEAA800D0EFEF /* p_12.png in Resources */ = {isa = PBXBuildFile; fileRef = 7BFA9CFC204FEAA800D0EFEF /* p_12.png */; };
		7BFA9D16204FEAA800D0EFEF /* selected.png in Resources */ = {isa = PBXBuildFile; fileRef = 7BFA9CFD204FEAA800D0EFEF /* selected.png */; };
		7BFA9D17204FEAA800D0EFEF /* p_20.png in Resources */ = {isa = PBXBuildFile; fileRef = 7BFA9CFE204FEAA800D0EFEF /* p_20.png */; };
		7BFA9D18204FEAA800D0EFEF /* bubble.jpg in Resources */ = {isa = PBXBuildFile; fileRef = 7BFA9CFF204FEAA800D0EFEF /* bubble.jpg */; };
		7BFA9D19204FEAA800D0EFEF /* p_7.png in Resources */ = {isa = PBXBuildFile; fileRef = 7BFA9D00204FEAA800D0EFEF /* p_7.png */; };
		7BFA9D1A204FEAA800D0EFEF /* p_16.png in Resources */ = {isa = PBXBuildFile; fileRef = 7BFA9D01204FEAA800D0EFEF /* p_16.png */; };
/* End PBXBuildFile section */

/* Begin PBXContainerItemProxy section */
		7BE63034204E49A60092FB0E /* PBXContainerItemProxy */ = {
			isa = PBXContainerItemProxy;
			containerPortal = 7BE63013204E49A50092FB0E /* Project object */;
			proxyType = 1;
			remoteGlobalIDString = 7BE6301A204E49A50092FB0E;
			remoteInfo = IOSGame;
		};
		7BE6303F204E49A60092FB0E /* PBXContainerItemProxy */ = {
			isa = PBXContainerItemProxy;
			containerPortal = 7BE63013204E49A50092FB0E /* Project object */;
			proxyType = 1;
			remoteGlobalIDString = 7BE6301A204E49A50092FB0E;
			remoteInfo = IOSGame;
		};
/* End PBXContainerItemProxy section */

/* Begin PBXFileReference section */
		7BE6301B204E49A50092FB0E /* IOSGame.app */ = {isa = PBXFileReference; explicitFileType = wrapper.application; includeInIndex = 0; path = IOSGame.app; sourceTree = BUILT_PRODUCTS_DIR; };
		7BE6301E204E49A50092FB0E /* AppDelegate.h */ = {isa = PBXFileReference; lastKnownFileType = sourcecode.c.h; path = AppDelegate.h; sourceTree = "<group>"; };
		7BE6301F204E49A50092FB0E /* AppDelegate.m */ = {isa = PBXFileReference; lastKnownFileType = sourcecode.c.objc; path = AppDelegate.m; sourceTree = "<group>"; };
		7BE63021204E49A50092FB0E /* ViewController.h */ = {isa = PBXFileReference; lastKnownFileType = sourcecode.c.h; path = ViewController.h; sourceTree = "<group>"; };
		7BE63022204E49A50092FB0E /* ViewController.m */ = {isa = PBXFileReference; lastKnownFileType = sourcecode.c.objc; path = ViewController.m; sourceTree = "<group>"; };
		7BE63025204E49A50092FB0E /* Base */ = {isa = PBXFileReference; lastKnownFileType = file.storyboard; name = Base; path = Base.lproj/Main.storyboard; sourceTree = "<group>"; };
		7BE63027204E49A60092FB0E /* Assets.xcassets */ = {isa = PBXFileReference; lastKnownFileType = folder.assetcatalog; path = Assets.xcassets; sourceTree = "<group>"; };
		7BE6302A204E49A60092FB0E /* Base */ = {isa = PBXFileReference; lastKnownFileType = file.storyboard; name = Base; path = Base.lproj/LaunchScreen.storyboard; sourceTree = "<group>"; };
		7BE6302C204E49A60092FB0E /* Info.plist */ = {isa = PBXFileReference; lastKnownFileType = text.plist.xml; path = Info.plist; sourceTree = "<group>"; };
		7BE6302D204E49A60092FB0E /* main.m */ = {isa = PBXFileReference; lastKnownFileType = sourcecode.c.objc; path = main.m; sourceTree = "<group>"; };
		7BE63033204E49A60092FB0E /* IOSGameTests.xctest */ = {isa = PBXFileReference; explicitFileType = wrapper.cfbundle; includeInIndex = 0; path = IOSGameTests.xctest; sourceTree = BUILT_PRODUCTS_DIR; };
		7BE63037204E49A60092FB0E /* IOSGameTests.m */ = {isa = PBXFileReference; lastKnownFileType = sourcecode.c.objc; path = IOSGameTests.m; sourceTree = "<group>"; };
		7BE63039204E49A60092FB0E /* Info.plist */ = {isa = PBXFileReference; lastKnownFileType = text.plist.xml; path = Info.plist; sourceTree = "<group>"; };
		7BE6303E204E49A60092FB0E /* IOSGameUITests.xctest */ = {isa = PBXFileReference; explicitFileType = wrapper.cfbundle; includeInIndex = 0; path = IOSGameUITests.xctest; sourceTree = BUILT_PRODUCTS_DIR; };
		7BE63042204E49A60092FB0E /* IOSGameUITests.m */ = {isa = PBXFileReference; lastKnownFileType = sourcecode.c.objc; path = IOSGameUITests.m; sourceTree = "<group>"; };
		7BE63044204E49A60092FB0E /* Info.plist */ = {isa = PBXFileReference; lastKnownFileType = text.plist.xml; path = Info.plist; sourceTree = "<group>"; };
		7BFA9CC2204E77D800D0EFEF /* LoongGameView.h */ = {isa = PBXFileReference; lastKnownFileType = sourcecode.c.h; path = LoongGameView.h; sourceTree = "<group>"; };
		7BFA9CC3204E77D800D0EFEF /* LoongGameView.m */ = {isa = PBXFileReference; lastKnownFileType = sourcecode.c.objc; path = LoongGameView.m; sourceTree = "<group>"; };
		7BFA9CC5204E782000D0EFEF /* LoongPiece.h */ = {isa = PBXFileReference; lastKnownFileType = sourcecode.c.h; path = LoongPiece.h; sourceTree = "<group>"; };
		7BFA9CC6204E782000D0EFEF /* LoongPiece.m */ = {isa = PBXFileReference; lastKnownFileType = sourcecode.c.objc; path = LoongPiece.m; sourceTree = "<group>"; };
		7BFA9CC8204E78BB00D0EFEF /* LoongPieceImage.h */ = {isa = PBXFileReference; lastKnownFileType = sourcecode.c.h; path = LoongPieceImage.h; sourceTree = "<group>"; };
		7BFA9CC9204E78BB00D0EFEF /* LoongPieceImage.m */ = {isa = PBXFileReference; lastKnownFileType = sourcecode.c.objc; path = LoongPieceImage.m; sourceTree = "<group>"; };
		7BFA9CCB204E82C100D0EFEF /* LoongPoint.h */ = {isa = PBXFileReference; lastKnownFileType = sourcecode.c.h; path = LoongPoint.h; sourceTree = "<group>"; };
		7BFA9CCC204E82C100D0EFEF /* LoongPoint.m */ = {isa = PBXFileReference; lastKnownFileType = sourcecode.c.objc; path = LoongPoint.m; sourceTree = "<group>"; };
		7BFA9CCE204E858100D0EFEF /* LoongLinkInfo.h */ = {isa = PBXFileReference; lastKnownFileType = sourcecode.c.h; path = LoongLinkInfo.h; sourceTree = "<group>"; };
		7BFA9CCF204E858100D0EFEF /* LoongLinkInfo.m */ = {isa = PBXFileReference; lastKnownFileType = sourcecode.c.objc; path = LoongLinkInfo.m; sourceTree = "<group>"; };
		7BFA9CD1204E891900D0EFEF /* LoongGameService.h */ = {isa = PBXFileReference; lastKnownFileType = sourcecode.c.h; path = LoongGameService.h; sourceTree = "<group>"; };
		7BFA9CD2204E891900D0EFEF /* LoongGameService.m */ = {isa = PBXFileReference; lastKnownFileType = sourcecode.c.objc; path = LoongGameService.m; sourceTree = "<group>"; };
		7BFA9CD4204E8DD100D0EFEF /* LoongBaseBoard.h */ = {isa = PBXFileReference; lastKnownFileType = sourcecode.c.h; path = LoongBaseBoard.h; sourceTree = "<group>"; };
		7BFA9CD5204E8DD100D0EFEF /* LoongBaseBoard.m */ = {isa = PBXFileReference; lastKnownFileType = sourcecode.c.objc; path = LoongBaseBoard.m; sourceTree = "<group>"; };
		7BFA9CD7204F7C1F00D0EFEF /* Constants.h */ = {isa = PBXFileReference; lastKnownFileType = sourcecode.c.h; path = Constants.h; sourceTree = "<group>"; };
		7BFA9CDF204F96CF00D0EFEF /* Link-Prefix.pch */ = {isa = PBXFileReference; lastKnownFileType = sourcecode.c.h; path = "Link-Prefix.pch"; sourceTree = "<group>"; };
		7BFA9CE4204F9D2800D0EFEF /* FKImageUtil.h */ = {isa = PBXFileReference; lastKnownFileType = sourcecode.c.h; path = FKImageUtil.h; sourceTree = "<group>"; };
		7BFA9CE5204FCCCA00D0EFEF /* LoongVerticalBoard.h */ = {isa = PBXFileReference; lastKnownFileType = sourcecode.c.h; path = LoongVerticalBoard.h; sourceTree = "<group>"; };
		7BFA9CE6204FCCCA00D0EFEF /* LoongVerticalBoard.m */ = {isa = PBXFileReference; lastKnownFileType = sourcecode.c.objc; path = LoongVerticalBoard.m; sourceTree = "<group>"; };
		7BFA9CE9204FEAA700D0EFEF /* start_down.png */ = {isa = PBXFileReference; lastKnownFileType = image.png; path = start_down.png; sourceTree = "<group>"; };
		7BFA9CEA204FEAA700D0EFEF /* p_8.png */ = {isa = PBXFileReference; lastKnownFileType = image.png; path = p_8.png; sourceTree = "<group>"; };
		7BFA9CEB204FEAA700D0EFEF /* p_14.png */ = {isa = PBXFileReference; lastKnownFileType = image.png; path = p_14.png; sourceTree = "<group>"; };
		7BFA9CEC204FEAA700D0EFEF /* room.jpg */ = {isa = PBXFileReference; lastKnownFileType = image.jpeg; path = room.jpg; sourceTree = "<group>"; };
		7BFA9CED204FEAA700D0EFEF /* p_1.png */ = {isa = PBXFileReference; lastKnownFileType = image.png; path = p_1.png; sourceTree = "<group>"; };
		7BFA9CEE204FEAA700D0EFEF /* p_13.png */ = {isa = PBXFileReference; lastKnownFileType = image.png; path = p_13.png; sourceTree = "<group>"; };
		7BFA9CEF204FEAA700D0EFEF /* p_2.png */ = {isa = PBXFileReference; lastKnownFileType = image.png; path = p_2.png; sourceTree = "<group>"; };
		7BFA9CF0204FEAA700D0EFEF /* p_4.png */ = {isa = PBXFileReference; lastKnownFileType = image.png; path = p_4.png; sourceTree = "<group>"; };
		7BFA9CF1204FEAA700D0EFEF /* p_10.png */ = {isa = PBXFileReference; lastKnownFileType = image.png; path = p_10.png; sourceTree = "<group>"; };
		7BFA9CF2204FEAA700D0EFEF /* p_9.png */ = {isa = PBXFileReference; lastKnownFileType = image.png; path = p_9.png; sourceTree = "<group>"; };
		7BFA9CF3204FEAA700D0EFEF /* start.png */ = {isa = PBXFileReference; lastKnownFileType = image.png; path = start.png; sourceTree = "<group>"; };
		7BFA9CF4204FEAA700D0EFEF /* p_15.png */ = {isa = PBXFileReference; lastKnownFileType = image.png; path = p_15.png; sourceTree = "<group>"; };
		7BFA9CF5204FEAA800D0EFEF /* p_11.png */ = {isa = PBXFileReference; lastKnownFileType = image.png; path = p_11.png; sourceTree = "<group>"; };
		7BFA9CF6204FEAA800D0EFEF /* p_19.png */ = {isa = PBXFileReference; lastKnownFileType = image.png; path = p_19.png; sourceTree = "<group>"; };
		7BFA9CF7204FEAA800D0EFEF /* p_18.png */ = {isa = PBXFileReference; lastKnownFileType = image.png; path = p_18.png; sourceTree = "<group>"; };
		7BFA9CF8204FEAA800D0EFEF /* p_17.png */ = {isa = PBXFileReference; lastKnownFileType = image.png; path = p_17.png; sourceTree = "<group>"; };
		7BFA9CF9204FEAA800D0EFEF /* p_5.png */ = {isa = PBXFileReference; lastKnownFileType = image.png; path = p_5.png; sourceTree = "<group>"; };
		7BFA9CFA204FEAA800D0EFEF /* p_6.png */ = {isa = PBXFileReference; lastKnownFileType = image.png; path = p_6.png; sourceTree = "<group>"; };
		7BFA9CFB204FEAA800D0EFEF /* p_3.png */ = {isa = PBXFileReference; lastKnownFileType = image.png; path = p_3.png; sourceTree = "<group>"; };
		7BFA9CFC204FEAA800D0EFEF /* p_12.png */ = {isa = PBXFileReference; lastKnownFileType = image.png; path = p_12.png; sourceTree = "<group>"; };
		7BFA9CFD204FEAA800D0EFEF /* selected.png */ = {isa = PBXFileReference; lastKnownFileType = image.png; path = selected.png; sourceTree = "<group>"; };
		7BFA9CFE204FEAA800D0EFEF /* p_20.png */ = {isa = PBXFileReference; lastKnownFileType = image.png; path = p_20.png; sourceTree = "<group>"; };
		7BFA9CFF204FEAA800D0EFEF /* bubble.jpg */ = {isa = PBXFileReference; lastKnownFileType = image.jpeg; path = bubble.jpg; sourceTree = "<group>"; };
		7BFA9D00204FEAA800D0EFEF /* p_7.png */ = {isa = PBXFileReference; lastKnownFileType = image.png; path = p_7.png; sourceTree = "<group>"; };
		7BFA9D01204FEAA800D0EFEF /* p_16.png */ = {isa = PBXFileReference; lastKnownFileType = image.png; path = p_16.png; sourceTree = "<group>"; };
/* End PBXFileReference section */

/* Begin PBXFrameworksBuildPhase section */
		7BE63018204E49A50092FB0E /* Frameworks */ = {
			isa = PBXFrameworksBuildPhase;
			buildActionMask = 2147483647;
			files = (
			);
			runOnlyForDeploymentPostprocessing = 0;
		};
		7BE63030204E49A60092FB0E /* Frameworks */ = {
			isa = PBXFrameworksBuildPhase;
			buildActionMask = 2147483647;
			files = (
			);
			runOnlyForDeploymentPostprocessing = 0;
		};
		7BE6303B204E49A60092FB0E /* Frameworks */ = {
			isa = PBXFrameworksBuildPhase;
			buildActionMask = 2147483647;
			files = (
			);
			runOnlyForDeploymentPostprocessing = 0;
		};
/* End PBXFrameworksBuildPhase section */

/* Begin PBXGroup section */
		7BE63012204E49A50092FB0E = {
			isa = PBXGroup;
			children = (
				7BE6301D204E49A50092FB0E /* IOSGame */,
				7BE63036204E49A60092FB0E /* IOSGameTests */,
				7BE63041204E49A60092FB0E /* IOSGameUITests */,
				7BE6301C204E49A50092FB0E /* Products */,
			);
			sourceTree = "<group>";
		};
		7BE6301C204E49A50092FB0E /* Products */ = {
			isa = PBXGroup;
			children = (
				7BE6301B204E49A50092FB0E /* IOSGame.app */,
				7BE63033204E49A60092FB0E /* IOSGameTests.xctest */,
				7BE6303E204E49A60092FB0E /* IOSGameUITests.xctest */,
			);
			name = Products;
			sourceTree = "<group>";
		};
		7BE6301D204E49A50092FB0E /* IOSGame */ = {
			isa = PBXGroup;
			children = (
				7BFA9CE8204FEA8C00D0EFEF /* images */,
				7BFA9CDE204F92D200D0EFEF /* board */,
				7BFA9CDD204F90BE00D0EFEF /* object */,
				7BFA9CDC204F90B500D0EFEF /* view */,
				7BFA9CD9204F902C00D0EFEF /* util */,
				7BE6301E204E49A50092FB0E /* AppDelegate.h */,
				7BE6301F204E49A50092FB0E /* AppDelegate.m */,
				7BE63021204E49A50092FB0E /* ViewController.h */,
				7BE63022204E49A50092FB0E /* ViewController.m */,
				7BE63024204E49A50092FB0E /* Main.storyboard */,
				7BFA9CDF204F96CF00D0EFEF /* Link-Prefix.pch */,
				7BE63027204E49A60092FB0E /* Assets.xcassets */,
				7BE63029204E49A60092FB0E /* LaunchScreen.storyboard */,
				7BE6302C204E49A60092FB0E /* Info.plist */,
				7BE6302D204E49A60092FB0E /* main.m */,
			);
			path = IOSGame;
			sourceTree = "<group>";
		};
		7BE63036204E49A60092FB0E /* IOSGameTests */ = {
			isa = PBXGroup;
			children = (
				7BE63037204E49A60092FB0E /* IOSGameTests.m */,
				7BE63039204E49A60092FB0E /* Info.plist */,
			);
			path = IOSGameTests;
			sourceTree = "<group>";
		};
		7BE63041204E49A60092FB0E /* IOSGameUITests */ = {
			isa = PBXGroup;
			children = (
				7BE63042204E49A60092FB0E /* IOSGameUITests.m */,
				7BE63044204E49A60092FB0E /* Info.plist */,
			);
			path = IOSGameUITests;
			sourceTree = "<group>";
		};
		7BFA9CD9204F902C00D0EFEF /* util */ = {
			isa = PBXGroup;
			children = (
				7BFA9CD7204F7C1F00D0EFEF /* Constants.h */,
				7BFA9CE4204F9D2800D0EFEF /* FKImageUtil.h */,
			);
			path = util;
			sourceTree = "<group>";
		};
		7BFA9CDC204F90B500D0EFEF /* view */ = {
			isa = PBXGroup;
			children = (
				7BFA9CC2204E77D800D0EFEF /* LoongGameView.h */,
				7BFA9CC3204E77D800D0EFEF /* LoongGameView.m */,
				7BFA9CC5204E782000D0EFEF /* LoongPiece.h */,
				7BFA9CC6204E782000D0EFEF /* LoongPiece.m */,
				7BFA9CC8204E78BB00D0EFEF /* LoongPieceImage.h */,
				7BFA9CC9204E78BB00D0EFEF /* LoongPieceImage.m */,
			);
			path = view;
			sourceTree = "<group>";
		};
		7BFA9CDD204F90BE00D0EFEF /* object */ = {
			isa = PBXGroup;
			children = (
				7BFA9CCB204E82C100D0EFEF /* LoongPoint.h */,
				7BFA9CCC204E82C100D0EFEF /* LoongPoint.m */,
				7BFA9CCE204E858100D0EFEF /* LoongLinkInfo.h */,
				7BFA9CCF204E858100D0EFEF /* LoongLinkInfo.m */,
			);
			path = object;
			sourceTree = "<group>";
		};
		7BFA9CDE204F92D200D0EFEF /* board */ = {
			isa = PBXGroup;
			children = (
				7BFA9CD1204E891900D0EFEF /* LoongGameService.h */,
				7BFA9CD2204E891900D0EFEF /* LoongGameService.m */,
				7BFA9CD4204E8DD100D0EFEF /* LoongBaseBoard.h */,
				7BFA9CD5204E8DD100D0EFEF /* LoongBaseBoard.m */,
				7BFA9CE5204FCCCA00D0EFEF /* LoongVerticalBoard.h */,
				7BFA9CE6204FCCCA00D0EFEF /* LoongVerticalBoard.m */,
			);
			path = board;
			sourceTree = "<group>";
		};
		7BFA9CE8204FEA8C00D0EFEF /* images */ = {
			isa = PBXGroup;
			children = (
				7BFA9CFF204FEAA800D0EFEF /* bubble.jpg */,
				7BFA9CED204FEAA700D0EFEF /* p_1.png */,
				7BFA9CEF204FEAA700D0EFEF /* p_2.png */,
				7BFA9CFB204FEAA800D0EFEF /* p_3.png */,
				7BFA9CF0204FEAA700D0EFEF /* p_4.png */,
				7BFA9CF9204FEAA800D0EFEF /* p_5.png */,
				7BFA9CFA204FEAA800D0EFEF /* p_6.png */,
				7BFA9D00204FEAA800D0EFEF /* p_7.png */,
				7BFA9CEA204FEAA700D0EFEF /* p_8.png */,
				7BFA9CF2204FEAA700D0EFEF /* p_9.png */,
				7BFA9CF1204FEAA700D0EFEF /* p_10.png */,
				7BFA9CF5204FEAA800D0EFEF /* p_11.png */,
				7BFA9CFC204FEAA800D0EFEF /* p_12.png */,
				7BFA9CEE204FEAA700D0EFEF /* p_13.png */,
				7BFA9CEB204FEAA700D0EFEF /* p_14.png */,
				7BFA9CF4204FEAA700D0EFEF /* p_15.png */,
				7BFA9D01204FEAA800D0EFEF /* p_16.png */,
				7BFA9CF8204FEAA800D0EFEF /* p_17.png */,
				7BFA9CF7204FEAA800D0EFEF /* p_18.png */,
				7BFA9CF6204FEAA800D0EFEF /* p_19.png */,
				7BFA9CFE204FEAA800D0EFEF /* p_20.png */,
				7BFA9CEC204FEAA700D0EFEF /* room.jpg */,
				7BFA9CFD204FEAA800D0EFEF /* selected.png */,
				7BFA9CE9204FEAA700D0EFEF /* start_down.png */,
				7BFA9CF3204FEAA700D0EFEF /* start.png */,
			);
			name = images;
			path = "New Group";
			sourceTree = "<group>";
		};
/* End PBXGroup section */

/* Begin PBXNativeTarget section */
		7BE6301A204E49A50092FB0E /* IOSGame */ = {
			isa = PBXNativeTarget;
			buildConfigurationList = 7BE63047204E49A60092FB0E /* Build configuration list for PBXNativeTarget "IOSGame" */;
			buildPhases = (
				7BE63017204E49A50092FB0E /* Sources */,
				7BE63018204E49A50092FB0E /* Frameworks */,
				7BE63019204E49A50092FB0E /* Resources */,
			);
			buildRules = (
			);
			dependencies = (
			);
			name = IOSGame;
			productName = IOSGame;
			productReference = 7BE6301B204E49A50092FB0E /* IOSGame.app */;
			productType = "com.apple.product-type.application";
		};
		7BE63032204E49A60092FB0E /* IOSGameTests */ = {
			isa = PBXNativeTarget;
			buildConfigurationList = 7BE6304A204E49A60092FB0E /* Build configuration list for PBXNativeTarget "IOSGameTests" */;
			buildPhases = (
				7BE6302F204E49A60092FB0E /* Sources */,
				7BE63030204E49A60092FB0E /* Frameworks */,
				7BE63031204E49A60092FB0E /* Resources */,
			);
			buildRules = (
			);
			dependencies = (
				7BE63035204E49A60092FB0E /* PBXTargetDependency */,
			);
			name = IOSGameTests;
			productName = IOSGameTests;
			productReference = 7BE63033204E49A60092FB0E /* IOSGameTests.xctest */;
			productType = "com.apple.product-type.bundle.unit-test";
		};
		7BE6303D204E49A60092FB0E /* IOSGameUITests */ = {
			isa = PBXNativeTarget;
			buildConfigurationList = 7BE6304D204E49A60092FB0E /* Build configuration list for PBXNativeTarget "IOSGameUITests" */;
			buildPhases = (
				7BE6303A204E49A60092FB0E /* Sources */,
				7BE6303B204E49A60092FB0E /* Frameworks */,
				7BE6303C204E49A60092FB0E /* Resources */,
			);
			buildRules = (
			);
			dependencies = (
				7BE63040204E49A60092FB0E /* PBXTargetDependency */,
			);
			name = IOSGameUITests;
			productName = IOSGameUITests;
			productReference = 7BE6303E204E49A60092FB0E /* IOSGameUITests.xctest */;
			productType = "com.apple.product-type.bundle.ui-testing";
		};
/* End PBXNativeTarget section */

/* Begin PBXProject section */
		7BE63013204E49A50092FB0E /* Project object */ = {
			isa = PBXProject;
			attributes = {
				LastUpgradeCheck = 0910;
				ORGANIZATIONNAME = xuelong;
				TargetAttributes = {
					7BE6301A204E49A50092FB0E = {
						CreatedOnToolsVersion = 9.1;
						ProvisioningStyle = Automatic;
					};
					7BE63032204E49A60092FB0E = {
						CreatedOnToolsVersion = 9.1;
						ProvisioningStyle = Automatic;
						TestTargetID = 7BE6301A204E49A50092FB0E;
					};
					7BE6303D204E49A60092FB0E = {
						CreatedOnToolsVersion = 9.1;
						ProvisioningStyle = Automatic;
						TestTargetID = 7BE6301A204E49A50092FB0E;
					};
				};
			};
			buildConfigurationList = 7BE63016204E49A50092FB0E /* Build configuration list for PBXProject "IOSGame" */;
			compatibilityVersion = "Xcode 8.0";
			developmentRegion = en;
			hasScannedForEncodings = 0;
			knownRegions = (
				en,
				Base,
			);
			mainGroup = 7BE63012204E49A50092FB0E;
			productRefGroup = 7BE6301C204E49A50092FB0E /* Products */;
			projectDirPath = "";
			projectRoot = "";
			targets = (
				7BE6301A204E49A50092FB0E /* IOSGame */,
				7BE63032204E49A60092FB0E /* IOSGameTests */,
				7BE6303D204E49A60092FB0E /* IOSGameUITests */,
			);
		};
/* End PBXProject section */

/* Begin PBXResourcesBuildPhase section */
		7BE63019204E49A50092FB0E /* Resources */ = {
			isa = PBXResourcesBuildPhase;
			buildActionMask = 2147483647;
			files = (
				7BFA9D17204FEAA800D0EFEF /* p_20.png in Resources */,
				7BFA9D0D204FEAA800D0EFEF /* p_15.png in Resources */,
				7BFA9D1A204FEAA800D0EFEF /* p_16.png in Resources */,
				7BFA9D0F204FEAA800D0EFEF /* p_19.png in Resources */,
				7BFA9D16204FEAA800D0EFEF /* selected.png in Resources */,
				7BE6302B204E49A60092FB0E /* LaunchScreen.storyboard in Resources */,
				7BFA9D0A204FEAA800D0EFEF /* p_10.png in Resources */,
				7BFA9D18204FEAA800D0EFEF /* bubble.jpg in Resources */,
				7BFA9D15204FEAA800D0EFEF /* p_12.png in Resources */,
				7BE63028204E49A60092FB0E /* Assets.xcassets in Resources */,
				7BFA9D11204FEAA800D0EFEF /* p_17.png in Resources */,
				7BFA9D03204FEAA800D0EFEF /* p_8.png in Resources */,
				7BFA9D05204FEAA800D0EFEF /* room.jpg in Resources */,
				7BFA9D08204FEAA800D0EFEF /* p_2.png in Resources */,
				7BFA9D14204FEAA800D0EFEF /* p_3.png in Resources */,
				7BFA9D0C204FEAA800D0EFEF /* start.png in Resources */,
				7BFA9D02204FEAA800D0EFEF /* start_down.png in Resources */,
				7BFA9D12204FEAA800D0EFEF /* p_5.png in Resources */,
				7BFA9D13204FEAA800D0EFEF /* p_6.png in Resources */,
				7BFA9D0B204FEAA800D0EFEF /* p_9.png in Resources */,
				7BFA9D10204FEAA800D0EFEF /* p_18.png in Resources */,
				7BFA9D07204FEAA800D0EFEF /* p_13.png in Resources */,
				7BFA9D06204FEAA800D0EFEF /* p_1.png in Resources */,
				7BFA9D09204FEAA800D0EFEF /* p_4.png in Resources */,
				7BFA9D19204FEAA800D0EFEF /* p_7.png in Resources */,
				7BFA9D0E204FEAA800D0EFEF /* p_11.png in Resources */,
				7BFA9D04204FEAA800D0EFEF /* p_14.png in Resources */,
				7BE63026204E49A50092FB0E /* Main.storyboard in Resources */,
			);
			runOnlyForDeploymentPostprocessing = 0;
		};
		7BE63031204E49A60092FB0E /* Resources */ = {
			isa = PBXResourcesBuildPhase;
			buildActionMask = 2147483647;
			files = (
			);
			runOnlyForDeploymentPostprocessing = 0;
		};
		7BE6303C204E49A60092FB0E /* Resources */ = {
			isa = PBXResourcesBuildPhase;
			buildActionMask = 2147483647;
			files = (
			);
			runOnlyForDeploymentPostprocessing = 0;
		};
/* End PBXResourcesBuildPhase section */

/* Begin PBXSourcesBuildPhase section */
		7BE63017204E49A50092FB0E /* Sources */ = {
			isa = PBXSourcesBuildPhase;
			buildActionMask = 2147483647;
			files = (
				7BFA9CCA204E78BB00D0EFEF /* LoongPieceImage.m in Sources */,
				7BE63023204E49A50092FB0E /* ViewController.m in Sources */,
				7BE6302E204E49A60092FB0E /* main.m in Sources */,
				7BFA9CD0204E858100D0EFEF /* LoongLinkInfo.m in Sources */,
				7BFA9CC7204E782000D0EFEF /* LoongPiece.m in Sources */,
				7BFA9CC4204E77D800D0EFEF /* LoongGameView.m in Sources */,
				7BFA9CCD204E82C100D0EFEF /* LoongPoint.m in Sources */,
				7BFA9CE7204FCCCA00D0EFEF /* LoongVerticalBoard.m in Sources */,
				7BE63020204E49A50092FB0E /* AppDelegate.m in Sources */,
				7BFA9CD3204E891900D0EFEF /* LoongGameService.m in Sources */,
				7BFA9CD6204E8DD100D0EFEF /* LoongBaseBoard.m in Sources */,
			);
			runOnlyForDeploymentPostprocessing = 0;
		};
		7BE6302F204E49A60092FB0E /* Sources */ = {
			isa = PBXSourcesBuildPhase;
			buildActionMask = 2147483647;
			files = (
				7BE63038204E49A60092FB0E /* IOSGameTests.m in Sources */,
			);
			runOnlyForDeploymentPostprocessing = 0;
		};
		7BE6303A204E49A60092FB0E /* Sources */ = {
			isa = PBXSourcesBuildPhase;
			buildActionMask = 2147483647;
			files = (
				7BE63043204E49A60092FB0E /* IOSGameUITests.m in Sources */,
			);
			runOnlyForDeploymentPostprocessing = 0;
		};
/* End PBXSourcesBuildPhase section */

/* Begin PBXTargetDependency section */
		7BE63035204E49A60092FB0E /* PBXTargetDependency */ = {
			isa = PBXTargetDependency;
			target = 7BE6301A204E49A50092FB0E /* IOSGame */;
			targetProxy = 7BE63034204E49A60092FB0E /* PBXContainerItemProxy */;
		};
		7BE63040204E49A60092FB0E /* PBXTargetDependency */ = {
			isa = PBXTargetDependency;
			target = 7BE6301A204E49A50092FB0E /* IOSGame */;
			targetProxy = 7BE6303F204E49A60092FB0E /* PBXContainerItemProxy */;
		};
/* End PBXTargetDependency section */

/* Begin PBXVariantGroup section */
		7BE63024204E49A50092FB0E /* Main.storyboard */ = {
			isa = PBXVariantGroup;
			children = (
				7BE63025204E49A50092FB0E /* Base */,
			);
			name = Main.storyboard;
			sourceTree = "<group>";
		};
		7BE63029204E49A60092FB0E /* LaunchScreen.storyboard */ = {
			isa = PBXVariantGroup;
			children = (
				7BE6302A204E49A60092FB0E /* Base */,
			);
			name = LaunchScreen.storyboard;
			sourceTree = "<group>";
		};
/* End PBXVariantGroup section */

/* Begin XCBuildConfiguration section */
		7BE63045204E49A60092FB0E /* Debug */ = {
			isa = XCBuildConfiguration;
			buildSettings = {
				ALWAYS_SEARCH_USER_PATHS = NO;
				CLANG_ANALYZER_NONNULL = YES;
				CLANG_ANALYZER_NUMBER_OBJECT_CONVERSION = YES_AGGRESSIVE;
				CLANG_CXX_LANGUAGE_STANDARD = "gnu++14";
				CLANG_CXX_LIBRARY = "libc++";
				CLANG_ENABLE_MODULES = YES;
				CLANG_ENABLE_OBJC_ARC = YES;
				CLANG_WARN_BLOCK_CAPTURE_AUTORELEASING = YES;
				CLANG_WARN_BOOL_CONVERSION = YES;
				CLANG_WARN_COMMA = YES;
				CLANG_WARN_CONSTANT_CONVERSION = YES;
				CLANG_WARN_DIRECT_OBJC_ISA_USAGE = YES_ERROR;
				CLANG_WARN_DOCUMENTATION_COMMENTS = YES;
				CLANG_WARN_EMPTY_BODY = YES;
				CLANG_WARN_ENUM_CONVERSION = YES;
				CLANG_WARN_INFINITE_RECURSION = YES;
				CLANG_WARN_INT_CONVERSION = YES;
				CLANG_WARN_NON_LITERAL_NULL_CONVERSION = YES;
				CLANG_WARN_OBJC_LITERAL_CONVERSION = YES;
				CLANG_WARN_OBJC_ROOT_CLASS = YES_ERROR;
				CLANG_WARN_RANGE_LOOP_ANALYSIS = YES;
				CLANG_WARN_STRICT_PROTOTYPES = YES;
				CLANG_WARN_SUSPICIOUS_MOVE = YES;
				CLANG_WARN_UNGUARDED_AVAILABILITY = YES_AGGRESSIVE;
				CLANG_WARN_UNREACHABLE_CODE = YES;
				CLANG_WARN__DUPLICATE_METHOD_MATCH = YES;
				CODE_SIGN_IDENTITY = "iPhone Developer";
				COPY_PHASE_STRIP = NO;
				DEBUG_INFORMATION_FORMAT = dwarf;
				ENABLE_STRICT_OBJC_MSGSEND = YES;
				ENABLE_TESTABILITY = YES;
				GCC_C_LANGUAGE_STANDARD = gnu11;
				GCC_DYNAMIC_NO_PIC = NO;
				GCC_NO_COMMON_BLOCKS = YES;
				GCC_OPTIMIZATION_LEVEL = 0;
				GCC_PREPROCESSOR_DEFINITIONS = (
					"DEBUG=1",
					"$(inherited)",
				);
				GCC_WARN_64_TO_32_BIT_CONVERSION = YES;
				GCC_WARN_ABOUT_RETURN_TYPE = YES_ERROR;
				GCC_WARN_UNDECLARED_SELECTOR = YES;
				GCC_WARN_UNINITIALIZED_AUTOS = YES_AGGRESSIVE;
				GCC_WARN_UNUSED_FUNCTION = YES;
				GCC_WARN_UNUSED_VARIABLE = YES;
				IPHONEOS_DEPLOYMENT_TARGET = 11.1;
				MTL_ENABLE_DEBUG_INFO = YES;
				ONLY_ACTIVE_ARCH = YES;
				SDKROOT = iphoneos;
			};
			name = Debug;
		};
		7BE63046204E49A60092FB0E /* Release */ = {
			isa = XCBuildConfiguration;
			buildSettings = {
				ALWAYS_SEARCH_USER_PATHS = NO;
				CLANG_ANALYZER_NONNULL = YES;
				CLANG_ANALYZER_NUMBER_OBJECT_CONVERSION = YES_AGGRESSIVE;
				CLANG_CXX_LANGUAGE_STANDARD = "gnu++14";
				CLANG_CXX_LIBRARY = "libc++";
				CLANG_ENABLE_MODULES = YES;
				CLANG_ENABLE_OBJC_ARC = YES;
				CLANG_WARN_BLOCK_CAPTURE_AUTORELEASING = YES;
				CLANG_WARN_BOOL_CONVERSION = YES;
				CLANG_WARN_COMMA = YES;
				CLANG_WARN_CONSTANT_CONVERSION = YES;
				CLANG_WARN_DIRECT_OBJC_ISA_USAGE = YES_ERROR;
				CLANG_WARN_DOCUMENTATION_COMMENTS = YES;
				CLANG_WARN_EMPTY_BODY = YES;
				CLANG_WARN_ENUM_CONVERSION = YES;
				CLANG_WARN_INFINITE_RECURSION = YES;
				CLANG_WARN_INT_CONVERSION = YES;
				CLANG_WARN_NON_LITERAL_NULL_CONVERSION = YES;
				CLANG_WARN_OBJC_LITERAL_CONVERSION = YES;
				CLANG_WARN_OBJC_ROOT_CLASS = YES_ERROR;
				CLANG_WARN_RANGE_LOOP_ANALYSIS = YES;
				CLANG_WARN_STRICT_PROTOTYPES = YES;
				CLANG_WARN_SUSPICIOUS_MOVE = YES;
				CLANG_WARN_UNGUARDED_AVAILABILITY = YES_AGGRESSIVE;
				CLANG_WARN_UNREACHABLE_CODE = YES;
				CLANG_WARN__DUPLICATE_METHOD_MATCH = YES;
				CODE_SIGN_IDENTITY = "iPhone Developer";
				COPY_PHASE_STRIP = NO;
				DEBUG_INFORMATION_FORMAT = "dwarf-with-dsym";
				ENABLE_NS_ASSERTIONS = NO;
				ENABLE_STRICT_OBJC_MSGSEND = YES;
				GCC_C_LANGUAGE_STANDARD = gnu11;
				GCC_NO_COMMON_BLOCKS = YES;
				GCC_WARN_64_TO_32_BIT_CONVERSION = YES;
				GCC_WARN_ABOUT_RETURN_TYPE = YES_ERROR;
				GCC_WARN_UNDECLARED_SELECTOR = YES;
				GCC_WARN_UNINITIALIZED_AUTOS = YES_AGGRESSIVE;
				GCC_WARN_UNUSED_FUNCTION = YES;
				GCC_WARN_UNUSED_VARIABLE = YES;
				IPHONEOS_DEPLOYMENT_TARGET = 11.1;
				MTL_ENABLE_DEBUG_INFO = NO;
				SDKROOT = iphoneos;
				VALIDATE_PRODUCT = YES;
			};
			name = Release;
		};
		7BE63048204E49A60092FB0E /* Debug */ = {
			isa = XCBuildConfiguration;
			buildSettings = {
				ASSETCATALOG_COMPILER_APPICON_NAME = AppIcon;
				CODE_SIGN_STYLE = Automatic;
				GCC_PRECOMPILE_PREFIX_HEADER = YES;
				GCC_PREFIX_HEADER = "IOSGame/Link-Prefix.pch";
				INFOPLIST_FILE = IOSGame/Info.plist;
				IPHONEOS_DEPLOYMENT_TARGET = 11.0;
				LD_RUNPATH_SEARCH_PATHS = "$(inherited) @executable_path/Frameworks";
				PRODUCT_BUNDLE_IDENTIFIER = com.loong.IOSGame;
				PRODUCT_NAME = "$(TARGET_NAME)";
				TARGETED_DEVICE_FAMILY = "1,2";
			};
			name = Debug;
		};
		7BE63049204E49A60092FB0E /* Release */ = {
			isa = XCBuildConfiguration;
			buildSettings = {
				ASSETCATALOG_COMPILER_APPICON_NAME = AppIcon;
				CODE_SIGN_STYLE = Automatic;
				GCC_PRECOMPILE_PREFIX_HEADER = YES;
				GCC_PREFIX_HEADER = "IOSGame/Link-Prefix.pch";
				INFOPLIST_FILE = IOSGame/Info.plist;
				IPHONEOS_DEPLOYMENT_TARGET = 11.0;
				LD_RUNPATH_SEARCH_PATHS = "$(inherited) @executable_path/Frameworks";
				PRODUCT_BUNDLE_IDENTIFIER = com.loong.IOSGame;
				PRODUCT_NAME = "$(TARGET_NAME)";
				TARGETED_DEVICE_FAMILY = "1,2";
			};
			name = Release;
		};
		7BE6304B204E49A60092FB0E /* Debug */ = {
			isa = XCBuildConfiguration;
			buildSettings = {
				BUNDLE_LOADER = "$(TEST_HOST)";
				CODE_SIGN_STYLE = Automatic;
				INFOPLIST_FILE = IOSGameTests/Info.plist;
				LD_RUNPATH_SEARCH_PATHS = "$(inherited) @executable_path/Frameworks @loader_path/Frameworks";
				PRODUCT_BUNDLE_IDENTIFIER = com.loong.IOSGameTests;
				PRODUCT_NAME = "$(TARGET_NAME)";
				TARGETED_DEVICE_FAMILY = "1,2";
				TEST_HOST = "$(BUILT_PRODUCTS_DIR)/IOSGame.app/IOSGame";
			};
			name = Debug;
		};
		7BE6304C204E49A60092FB0E /* Release */ = {
			isa = XCBuildConfiguration;
			buildSettings = {
				BUNDLE_LOADER = "$(TEST_HOST)";
				CODE_SIGN_STYLE = Automatic;
				INFOPLIST_FILE = IOSGameTests/Info.plist;
				LD_RUNPATH_SEARCH_PATHS = "$(inherited) @executable_path/Frameworks @loader_path/Frameworks";
				PRODUCT_BUNDLE_IDENTIFIER = com.loong.IOSGameTests;
				PRODUCT_NAME = "$(TARGET_NAME)";
				TARGETED_DEVICE_FAMILY = "1,2";
				TEST_HOST = "$(BUILT_PRODUCTS_DIR)/IOSGame.app/IOSGame";
			};
			name = Release;
		};
		7BE6304E204E49A60092FB0E /* Debug */ = {
			isa = XCBuildConfiguration;
			buildSettings = {
				CODE_SIGN_STYLE = Automatic;
				INFOPLIST_FILE = IOSGameUITests/Info.plist;
				LD_RUNPATH_SEARCH_PATHS = "$(inherited) @executable_path/Frameworks @loader_path/Frameworks";
				PRODUCT_BUNDLE_IDENTIFIER = com.loong.IOSGameUITests;
				PRODUCT_NAME = "$(TARGET_NAME)";
				TARGETED_DEVICE_FAMILY = "1,2";
				TEST_TARGET_NAME = IOSGame;
			};
			name = Debug;
		};
		7BE6304F204E49A60092FB0E /* Release */ = {
			isa = XCBuildConfiguration;
			buildSettings = {
				CODE_SIGN_STYLE = Automatic;
				INFOPLIST_FILE = IOSGameUITests/Info.plist;
				LD_RUNPATH_SEARCH_PATHS = "$(inherited) @executable_path/Frameworks @loader_path/Frameworks";
				PRODUCT_BUNDLE_IDENTIFIER = com.loong.IOSGameUITests;
				PRODUCT_NAME = "$(TARGET_NAME)";
				TARGETED_DEVICE_FAMILY = "1,2";
				TEST_TARGET_NAME = IOSGame;
			};
			name = Release;
		};
/* End XCBuildConfiguration section */

/* Begin XCConfigurationList section */
		7BE63016204E49A50092FB0E /* Build configuration list for PBXProject "IOSGame" */ = {
			isa = XCConfigurationList;
			buildConfigurations = (
				7BE63045204E49A60092FB0E /* Debug */,
				7BE63046204E49A60092FB0E /* Release */,
			);
			defaultConfigurationIsVisible = 0;
			defaultConfigurationName = Release;
		};
		7BE63047204E49A60092FB0E /* Build configuration list for PBXNativeTarget "IOSGame" */ = {
			isa = XCConfigurationList;
			buildConfigurations = (
				7BE63048204E49A60092FB0E /* Debug */,
				7BE63049204E49A60092FB0E /* Release */,
			);
			defaultConfigurationIsVisible = 0;
			defaultConfigurationName = Release;
		};
		7BE6304A204E49A60092FB0E /* Build configuration list for PBXNativeTarget "IOSGameTests" */ = {
			isa = XCConfigurationList;
			buildConfigurations = (
				7BE6304B204E49A60092FB0E /* Debug */,
				7BE6304C204E49A60092FB0E /* Release */,
			);
			defaultConfigurationIsVisible = 0;
			defaultConfigurationName = Release;
		};
		7BE6304D204E49A60092FB0E /* Build configuration list for PBXNativeTarget "IOSGameUITests" */ = {
			isa = XCConfigurationList;
			buildConfigurations = (
				7BE6304E204E49A60092FB0E /* Debug */,
				7BE6304F204E49A60092FB0E /* Release */,
			);
			defaultConfigurationIsVisible = 0;
			defaultConfigurationName = Release;
		};
/* End XCConfigurationList section */
	};
	rootObject = 7BE63013204E49A50092FB0E /* Project object */;
}
